
Microsoft Visual Studio Solution File, Format Version 12.00
# Visual Studio Version 17
VisualStudioVersion = 17.10.34928.147
MinimumVisualStudioVersion = 10.0.40219.1
Project("{FAE04EC0-301F-11D3-BF4B-00C04F79EFBC}") = "PolymorphismExample", "PolymorphismExample.csproj", "{33F82BA3-5083-418B-8D30-73C5A8D0C8EB}"
EndProject
Global
	GlobalSection(SolutionConfigurationPlatforms) = preSolution
		Debug|Any CPU = Debug|Any CPU
		Release|Any CPU = Release|Any CPU
	EndGlobalSection
	GlobalSection(ProjectConfigurationPlatforms) = postSolution
		{33F82BA3-5083-418B-8D30-73C5A8D0C8EB}.Debug|Any CPU.ActiveCfg = Debug|Any CPU
		{33F82BA3-5083-418B-8D30-73C5A8D0C8EB}.Debug|Any CPU.Build.0 = Debug|Any CPU
		{33F82BA3-5083-418B-8D30-73C5A8D0C8EB}.Release|Any CPU.ActiveCfg = Release|Any CPU
		{33F82BA3-5083-418B-8D30-73C5A8D0C8EB}.Release|Any CPU.Build.0 = Release|Any CPU
	EndGlobalSection
	GlobalSection(SolutionProperties) = preSolution
		HideSolutionNode = FALSE
	EndGlobalSection
	GlobalSection(ExtensibilityGlobals) = postSolution
		SolutionGuid = {ABF53BA0-1B3F-454D-809B-C6A28CF20A68}
	EndGlobalSection
EndGlobal
